<?xml version="1.0" encoding="utf-8"?>
<Project ToolsVersion="4.0" xmlns="http://schemas.microsoft.com/developer/msbuild/2003">
  <ItemGroup>
    <Filter Include="소스 파일">
      <UniqueIdentifier>{4FC737F1-C7A5-4376-A066-2A32D752A2FF}</UniqueIdentifier>
      <Extensions>cpp;c;cc;cxx;c++;cppm;ixx;def;odl;idl;hpj;bat;asm;asmx</Extensions>
    </Filter>
    <Filter Include="헤더 파일">
      <UniqueIdentifier>{93995380-89BD-4b04-88EB-625FBE52EBFB}</UniqueIdentifier>
      <Extensions>h;hh;hpp;hxx;h++;hm;inl;inc;ipp;xsd</Extensions>
    </Filter>
    <Filter Include="리소스 파일">
      <UniqueIdentifier>{67DA6AB6-F800-4c08-8B7A-83BB121AAD01}</UniqueIdentifier>
      <Extensions>rc;ico;cur;bmp;dlg;rc2;rct;bin;rgs;gif;jpg;jpeg;jpe;resx;tiff;tif;png;wav;mfcribbon-ms</Extensions>
    </Filter>
  </ItemGroup>
  <ItemGroup>
    <ClCompile Include="Data\Object\ObjectData.cpp">
      <Filter>소스 파일</Filter>
    </ClCompile>
    <ClCompile Include="Data\Resource\LoadGunnerAnimation.cpp">
      <Filter>소스 파일</Filter>
    </ClCompile>
    <ClCompile Include="Data\Resource\LoadSkillAnimation.cpp">
      <Filter>소스 파일</Filter>
    </ClCompile>
    <ClCompile Include="Data\Resource\LoadSpriteData.cpp">
      <Filter>소스 파일</Filter>
    </ClCompile>
    <ClCompile Include="Data\Resource\LoadSwordManAnimation.cpp">
      <Filter>소스 파일</Filter>
    </ClCompile>
    <ClCompile Include="Data\Skill\LoadSkillData.cpp">
      <Filter>소스 파일</Filter>
    </ClCompile>
    <ClCompile Include="Data\Skill\LoadSwordManSkillData.cpp">
      <Filter>소스 파일</Filter>
    </ClCompile>
    <ClCompile Include="Data\Skill\SkillData.cpp">
      <Filter>소스 파일</Filter>
    </ClCompile>
    <ClCompile Include="Script\AI\AI.cpp">
      <Filter>소스 파일</Filter>
    </ClCompile>
    <ClCompile Include="Script\CameraController.cpp">
      <Filter>소스 파일</Filter>
    </ClCompile>
    <ClCompile Include="Script\Effect\NumberFontSprite.cpp">
      <Filter>소스 파일</Filter>
    </ClCompile>
    <ClCompile Include="Script\Map\Interface\IMap.cpp">
      <Filter>소스 파일</Filter>
    </ClCompile>
    <ClCompile Include="Script\Map\Pup.cpp">
      <Filter>소스 파일</Filter>
    </ClCompile>
    <ClCompile Include="Script\Object\BodyActor.cpp">
      <Filter>소스 파일</Filter>
    </ClCompile>
    <ClCompile Include="Script\Object\Charactor\Charactor.cpp">
      <Filter>소스 파일</Filter>
    </ClCompile>
    <ClCompile Include="Script\Object\Charactor\CharactorCore.cpp">
      <Filter>소스 파일</Filter>
    </ClCompile>
    <ClCompile Include="Script\Object\Charactor\CommonFSM\CharactorHit.cpp">
      <Filter>소스 파일</Filter>
    </ClCompile>
    <ClCompile Include="Script\Object\Charactor\CommonFSM\CharactorIdle.cpp">
      <Filter>소스 파일</Filter>
    </ClCompile>
    <ClCompile Include="Script\Object\Charactor\CommonFSM\CharactorJump.cpp">
      <Filter>소스 파일</Filter>
    </ClCompile>
    <ClCompile Include="Script\Object\Charactor\CommonFSM\CharactorRun.cpp">
      <Filter>소스 파일</Filter>
    </ClCompile>
    <ClCompile Include="Script\Object\Charactor\CommonFSM\CharactorWalk.cpp">
      <Filter>소스 파일</Filter>
    </ClCompile>
    <ClCompile Include="Script\Object\Charactor\CommonFSM\CharatorBackStep.cpp">
      <Filter>소스 파일</Filter>
    </ClCompile>
    <ClCompile Include="Script\Object\Charactor\CommonFSM\Interface\ICharactorAttackFSM.cpp">
      <Filter>소스 파일</Filter>
    </ClCompile>
    <ClCompile Include="Script\Object\Charactor\CommonFSM\Interface\ICharactorFSM.cpp">
      <Filter>소스 파일</Filter>
    </ClCompile>
    <ClCompile Include="Script\Object\Charactor\Gunner\FSM\GunnerBackStep.cpp">
      <Filter>소스 파일</Filter>
    </ClCompile>
    <ClCompile Include="Script\Object\Charactor\Gunner\FSM\GunnerDashAttack.cpp">
      <Filter>소스 파일</Filter>
    </ClCompile>
    <ClCompile Include="Script\Object\Charactor\Gunner\FSM\GunnerJump.cpp">
      <Filter>소스 파일</Filter>
    </ClCompile>
    <ClCompile Include="Script\Object\Charactor\Gunner\Gunner.cpp">
      <Filter>소스 파일</Filter>
    </ClCompile>
    <ClCompile Include="Script\Object\Charactor\SwordMan\FSM\SwordManBackStep.cpp">
      <Filter>소스 파일</Filter>
    </ClCompile>
    <ClCompile Include="Script\Object\Charactor\SwordMan\FSM\SwordManBasicAttack1.cpp">
      <Filter>소스 파일</Filter>
    </ClCompile>
    <ClCompile Include="Script\Object\Charactor\SwordMan\FSM\SwordManBasicAttack2.cpp">
      <Filter>소스 파일</Filter>
    </ClCompile>
    <ClCompile Include="Script\Object\Charactor\SwordMan\FSM\SwordManBasicAttack3.cpp">
      <Filter>소스 파일</Filter>
    </ClCompile>
    <ClCompile Include="Script\Object\Charactor\SwordMan\FSM\SwordManDashAttack.cpp">
      <Filter>소스 파일</Filter>
    </ClCompile>
    <ClCompile Include="Script\Object\Charactor\SwordMan\FSM\SwordManHardAttack.cpp">
      <Filter>소스 파일</Filter>
    </ClCompile>
    <ClCompile Include="Script\Object\Charactor\SwordMan\FSM\SwordManJump.cpp">
      <Filter>소스 파일</Filter>
    </ClCompile>
    <ClCompile Include="Script\Object\Charactor\SwordMan\FSM\SwordManJumpAttack.cpp">
      <Filter>소스 파일</Filter>
    </ClCompile>
    <ClCompile Include="Script\Object\Charactor\SwordMan\FSM\SwordManUpperSlash.cpp">
      <Filter>소스 파일</Filter>
    </ClCompile>
    <ClCompile Include="Script\Object\Charactor\SwordMan\FSM\SwordManVaneSlash.cpp">
      <Filter>소스 파일</Filter>
    </ClCompile>
    <ClCompile Include="Script\Object\Effect\Skill\HardAttack.cpp">
      <Filter>소스 파일</Filter>
    </ClCompile>
    <ClCompile Include="Script\Object\Effect\Skill\UpperSlash.cpp">
      <Filter>소스 파일</Filter>
    </ClCompile>
    <ClCompile Include="Script\Object\Effect\Skill\VaneSlash.cpp">
      <Filter>소스 파일</Filter>
    </ClCompile>
    <ClCompile Include="Script\Object\Charactor\SwordMan\SwordMan.cpp">
      <Filter>소스 파일</Filter>
    </ClCompile>
    <ClCompile Include="Script\Object\FadeRect.cpp">
      <Filter>소스 파일</Filter>
    </ClCompile>
    <ClCompile Include="Script\Object\Interface\IAttackCore.cpp">
      <Filter>소스 파일</Filter>
    </ClCompile>
    <ClCompile Include="Script\Object\Interface\IHoldSkillCore.cpp">
      <Filter>소스 파일</Filter>
    </ClCompile>
    <ClCompile Include="Script\Object\Interface\IObjectCore.cpp">
      <Filter>소스 파일</Filter>
    </ClCompile>
    <ClCompile Include="Script\Object\Interface\ISkillCore.cpp">
      <Filter>소스 파일</Filter>
    </ClCompile>
    <ClCompile Include="Script\Object\Interface\IUICore.cpp">
      <Filter>소스 파일</Filter>
    </ClCompile>
    <ClCompile Include="Script\Object\UI\HUD\HUDOwner.cpp">
      <Filter>소스 파일</Filter>
    </ClCompile>
    <ClCompile Include="Script\Object\UI\HUD\SkillCoolHUD.cpp">
      <Filter>소스 파일</Filter>
    </ClCompile>
    <ClCompile Include="Script\Object\UI\HUD\Timer.cpp">
      <Filter>소스 파일</Filter>
    </ClCompile>
    <ClCompile Include="Script\Object\UI\HUD\UpperHUD.cpp">
      <Filter>소스 파일</Filter>
    </ClCompile>
    <ClCompile Include="Script\Object\UI\PVPUI\ArrowButton.cpp">
      <Filter>소스 파일</Filter>
    </ClCompile>
    <ClCompile Include="Script\Object\UI\PVPUI\CountDown.cpp">
      <Filter>소스 파일</Filter>
    </ClCompile>
    <ClCompile Include="Script\Object\UI\PVPUI\List.cpp">
      <Filter>소스 파일</Filter>
    </ClCompile>
    <ClCompile Include="Script\Object\UI\PVPUI\ListButton.cpp">
      <Filter>소스 파일</Filter>
    </ClCompile>
    <ClCompile Include="Script\Object\UI\PVPUI\PVPButton.cpp">
      <Filter>소스 파일</Filter>
    </ClCompile>
    <ClCompile Include="Script\Object\UI\PVPUI\PVPList.cpp">
      <Filter>소스 파일</Filter>
    </ClCompile>
    <ClCompile Include="Script\Object\UI\PVPUI\SelectMap.cpp">
      <Filter>소스 파일</Filter>
    </ClCompile>
    <ClCompile Include="Script\Object\UI\PVPUI\SelectType.cpp">
      <Filter>소스 파일</Filter>
    </ClCompile>
    <ClCompile Include="Script\Object\Wall.cpp">
      <Filter>소스 파일</Filter>
    </ClCompile>
    <ClCompile Include="Script\Player\Player.cpp">
      <Filter>소스 파일</Filter>
    </ClCompile>
    <ClCompile Include="Script\PlayerZoomer.cpp">
      <Filter>소스 파일</Filter>
    </ClCompile>
    <ClCompile Include="System\GameManager.cpp">
      <Filter>소스 파일</Filter>
    </ClCompile>
    <ClCompile Include="System\GameMode.cpp">
      <Filter>소스 파일</Filter>
    </ClCompile>
    <ClCompile Include="World\MainTitle.cpp">
      <Filter>소스 파일</Filter>
    </ClCompile>
    <ClCompile Include="World\PVPMap.cpp">
      <Filter>소스 파일</Filter>
    </ClCompile>
    <ClCompile Include="World\PVPMap_Pup.cpp">
      <Filter>소스 파일</Filter>
    </ClCompile>
    <ClCompile Include="World\SelectRoom.cpp">
      <Filter>소스 파일</Filter>
    </ClCompile>
    <ClCompile Include="DemoApp.cpp">
      <Filter>소스 파일</Filter>
    </ClCompile>
    <ClCompile Include="Main.cpp">
      <Filter>소스 파일</Filter>
    </ClCompile>
    <ClCompile Include="Script\Object\Effect\Skill\VaneSlashWave.cpp">
      <Filter>소스 파일</Filter>
    </ClCompile>
    <ClCompile Include="Data\Resource\LoadSoundData.cpp">
      <Filter>소스 파일</Filter>
    </ClCompile>
    <ClCompile Include="Script\Object\Charactor\CommonFSM\CharactorDie.cpp">
      <Filter>소스 파일</Filter>
    </ClCompile>
    <ClCompile Include="Script\Object\Charactor\CommonFSM\CharactorWin.cpp">
      <Filter>소스 파일</Filter>
    </ClCompile>
    <ClCompile Include="Script\Object\UI\PVPUI\ResultUI.cpp">
      <Filter>소스 파일</Filter>
    </ClCompile>
    <ClCompile Include="Script\AI\AI_SwordManController.cpp">
      <Filter>소스 파일</Filter>
    </ClCompile>
    <ClCompile Include="Script\Object\Charactor\SwordMan\FSM\SwordManGuard.cpp">
      <Filter>소스 파일</Filter>
    </ClCompile>
    <ClCompile Include="Script\Object\Charactor\SwordMan\FSM\SwordManIdle.cpp">
      <Filter>소스 파일</Filter>
    </ClCompile>
  </ItemGroup>
  <ItemGroup>
    <ClInclude Include="Data\Object\ObjectData.h">
      <Filter>헤더 파일</Filter>
    </ClInclude>
    <ClInclude Include="Data\Resource\LoadAnimationData.h">
      <Filter>헤더 파일</Filter>
    </ClInclude>
    <ClInclude Include="Data\Resource\LoadSpriteData.h">
      <Filter>헤더 파일</Filter>
    </ClInclude>
    <ClInclude Include="Data\Skill\LoadSkillData.h">
      <Filter>헤더 파일</Filter>
    </ClInclude>
    <ClInclude Include="Data\Skill\LoadSwordManSkillData.h">
      <Filter>헤더 파일</Filter>
    </ClInclude>
    <ClInclude Include="Data\Skill\SkillData.h">
      <Filter>헤더 파일</Filter>
    </ClInclude>
    <ClInclude Include="Script\AI\AI.h">
      <Filter>헤더 파일</Filter>
    </ClInclude>
    <ClInclude Include="Script\CameraController.h">
      <Filter>헤더 파일</Filter>
    </ClInclude>
    <ClInclude Include="Script\CommandQueue.h">
      <Filter>헤더 파일</Filter>
    </ClInclude>
    <ClInclude Include="Script\CustomInput.h">
      <Filter>헤더 파일</Filter>
    </ClInclude>
    <ClInclude Include="Script\Effect\NumberFontSprite.h">
      <Filter>헤더 파일</Filter>
    </ClInclude>
    <ClInclude Include="Script\Map\Interface\IMap.h">
      <Filter>헤더 파일</Filter>
    </ClInclude>
    <ClInclude Include="Script\Map\Pup.h">
      <Filter>헤더 파일</Filter>
    </ClInclude>
    <ClInclude Include="Script\Object\BodyActor.h">
      <Filter>헤더 파일</Filter>
    </ClInclude>
    <ClInclude Include="Script\Object\Charactor\Charactor.h">
      <Filter>헤더 파일</Filter>
    </ClInclude>
    <ClInclude Include="Script\Object\Charactor\CharactorCore.h">
      <Filter>헤더 파일</Filter>
    </ClInclude>
    <ClInclude Include="Script\Object\Charactor\CommonFSM\CharactorHit.h">
      <Filter>헤더 파일</Filter>
    </ClInclude>
    <ClInclude Include="Script\Object\Charactor\CommonFSM\CharactorIdle.h">
      <Filter>헤더 파일</Filter>
    </ClInclude>
    <ClInclude Include="Script\Object\Charactor\CommonFSM\CharactorJump.h">
      <Filter>헤더 파일</Filter>
    </ClInclude>
    <ClInclude Include="Script\Object\Charactor\CommonFSM\CharactorRun.h">
      <Filter>헤더 파일</Filter>
    </ClInclude>
    <ClInclude Include="Script\Object\Charactor\CommonFSM\CharactorWalk.h">
      <Filter>헤더 파일</Filter>
    </ClInclude>
    <ClInclude Include="Script\Object\Charactor\CommonFSM\CharatorBackStep.h">
      <Filter>헤더 파일</Filter>
    </ClInclude>
    <ClInclude Include="Script\Object\Charactor\CommonFSM\Interface\ICharactorAttackFSM.h">
      <Filter>헤더 파일</Filter>
    </ClInclude>
    <ClInclude Include="Script\Object\Charactor\CommonFSM\Interface\ICharactorFSM.h">
      <Filter>헤더 파일</Filter>
    </ClInclude>
    <ClInclude Include="Script\Object\Charactor\Gunner\FSM\GunnerBackStep.h">
      <Filter>헤더 파일</Filter>
    </ClInclude>
    <ClInclude Include="Script\Object\Charactor\Gunner\FSM\GunnerDashAttack.h">
      <Filter>헤더 파일</Filter>
    </ClInclude>
    <ClInclude Include="Script\Object\Charactor\Gunner\FSM\GunnerJump.h">
      <Filter>헤더 파일</Filter>
    </ClInclude>
    <ClInclude Include="Script\Object\Charactor\Gunner\Gunner.h">
      <Filter>헤더 파일</Filter>
    </ClInclude>
    <ClInclude Include="Script\Object\Charactor\SwordMan\FSM\SwordManBackStep.h">
      <Filter>헤더 파일</Filter>
    </ClInclude>
    <ClInclude Include="Script\Object\Charactor\SwordMan\FSM\SwordManBasicAttack1.h">
      <Filter>헤더 파일</Filter>
    </ClInclude>
    <ClInclude Include="Script\Object\Charactor\SwordMan\FSM\SwordManBasicAttack2.h">
      <Filter>헤더 파일</Filter>
    </ClInclude>
    <ClInclude Include="Script\Object\Charactor\SwordMan\FSM\SwordManBasicAttack3.h">
      <Filter>헤더 파일</Filter>
    </ClInclude>
    <ClInclude Include="Script\Object\Charactor\SwordMan\FSM\SwordManDashAttack.h">
      <Filter>헤더 파일</Filter>
    </ClInclude>
    <ClInclude Include="Script\Object\Charactor\SwordMan\FSM\SwordManHardAttack.h">
      <Filter>헤더 파일</Filter>
    </ClInclude>
    <ClInclude Include="Script\Object\Charactor\SwordMan\FSM\SwordManJump.h">
      <Filter>헤더 파일</Filter>
    </ClInclude>
    <ClInclude Include="Script\Object\Charactor\SwordMan\FSM\SwordManJumpAttack.h">
      <Filter>헤더 파일</Filter>
    </ClInclude>
    <ClInclude Include="Script\Object\Charactor\SwordMan\FSM\SwordManUpperSlash.h">
      <Filter>헤더 파일</Filter>
    </ClInclude>
    <ClInclude Include="Script\Object\Charactor\SwordMan\FSM\SwordManVaneSlash.h">
      <Filter>헤더 파일</Filter>
    </ClInclude>
    <ClInclude Include="Script\Object\Effect\Skill\HardAttack.h">
      <Filter>헤더 파일</Filter>
    </ClInclude>
    <ClInclude Include="Script\Object\Effect\Skill\UpperSlash.h">
      <Filter>헤더 파일</Filter>
    </ClInclude>
    <ClInclude Include="Script\Object\Effect\Skill\VaneSlash.h">
      <Filter>헤더 파일</Filter>
    </ClInclude>
    <ClInclude Include="Script\Object\Charactor\SwordMan\SwordMan.h">
      <Filter>헤더 파일</Filter>
    </ClInclude>
    <ClInclude Include="Script\Object\FadeRect.h">
      <Filter>헤더 파일</Filter>
    </ClInclude>
    <ClInclude Include="Script\Object\Interface\IAttackCore.h">
      <Filter>헤더 파일</Filter>
    </ClInclude>
    <ClInclude Include="Script\Object\Interface\IHoldSkillCore.h">
      <Filter>헤더 파일</Filter>
    </ClInclude>
    <ClInclude Include="Script\Object\Interface\IObjectCore.h">
      <Filter>헤더 파일</Filter>
    </ClInclude>
    <ClInclude Include="Script\Object\Interface\ISkillCore.h">
      <Filter>헤더 파일</Filter>
    </ClInclude>
    <ClInclude Include="Script\Object\Interface\IUICore.h">
      <Filter>헤더 파일</Filter>
    </ClInclude>
    <ClInclude Include="Script\Object\UI\HUD\HUDOwner.h">
      <Filter>헤더 파일</Filter>
    </ClInclude>
    <ClInclude Include="Script\Object\UI\HUD\SkillCoolHUD.h">
      <Filter>헤더 파일</Filter>
    </ClInclude>
    <ClInclude Include="Script\Object\UI\HUD\Timer.h">
      <Filter>헤더 파일</Filter>
    </ClInclude>
    <ClInclude Include="Script\Object\UI\HUD\UpperHUD.h">
      <Filter>헤더 파일</Filter>
    </ClInclude>
    <ClInclude Include="Script\Object\UI\PVPUI\ArrowButton.h">
      <Filter>헤더 파일</Filter>
    </ClInclude>
    <ClInclude Include="Script\Object\UI\PVPUI\CountDown.h">
      <Filter>헤더 파일</Filter>
    </ClInclude>
    <ClInclude Include="Script\Object\UI\PVPUI\List.h">
      <Filter>헤더 파일</Filter>
    </ClInclude>
    <ClInclude Include="Script\Object\UI\PVPUI\ListButton.h">
      <Filter>헤더 파일</Filter>
    </ClInclude>
    <ClInclude Include="Script\Object\UI\PVPUI\PVPButton.h">
      <Filter>헤더 파일</Filter>
    </ClInclude>
    <ClInclude Include="Script\Object\UI\PVPUI\PVPList.h">
      <Filter>헤더 파일</Filter>
    </ClInclude>
    <ClInclude Include="Script\Object\UI\PVPUI\SelectMap.h">
      <Filter>헤더 파일</Filter>
    </ClInclude>
    <ClInclude Include="Script\Object\UI\PVPUI\SelectType.h">
      <Filter>헤더 파일</Filter>
    </ClInclude>
    <ClInclude Include="Script\Object\Wall.h">
      <Filter>헤더 파일</Filter>
    </ClInclude>
    <ClInclude Include="Script\Player\Player.h">
      <Filter>헤더 파일</Filter>
    </ClInclude>
    <ClInclude Include="Script\PlayerZoomer.h">
      <Filter>헤더 파일</Filter>
    </ClInclude>
    <ClInclude Include="System\GameManager.h">
      <Filter>헤더 파일</Filter>
    </ClInclude>
    <ClInclude Include="System\GameMode.h">
      <Filter>헤더 파일</Filter>
    </ClInclude>
    <ClInclude Include="World\MainTitle.h">
      <Filter>헤더 파일</Filter>
    </ClInclude>
    <ClInclude Include="World\PVPMap.h">
      <Filter>헤더 파일</Filter>
    </ClInclude>
    <ClInclude Include="World\PVPMap_Pup.h">
      <Filter>헤더 파일</Filter>
    </ClInclude>
    <ClInclude Include="World\SelectRoom.h">
      <Filter>헤더 파일</Filter>
    </ClInclude>
    <ClInclude Include="Contents.h">
      <Filter>헤더 파일</Filter>
    </ClInclude>
    <ClInclude Include="DemoApp.h">
      <Filter>헤더 파일</Filter>
    </ClInclude>
    <ClInclude Include="Script\Object\Effect\Skill\VaneSlashWave.h">
      <Filter>헤더 파일</Filter>
    </ClInclude>
    <ClInclude Include="Data\Resource\LoadSoundData.h">
      <Filter>헤더 파일</Filter>
    </ClInclude>
    <ClInclude Include="Script\Object\Charactor\CommonFSM\CharactorDie.h">
      <Filter>헤더 파일</Filter>
    </ClInclude>
    <ClInclude Include="Script\Object\Charactor\CommonFSM\CharactorWin.h">
      <Filter>헤더 파일</Filter>
    </ClInclude>
    <ClInclude Include="Script\Object\UI\PVPUI\ResultUI.h">
      <Filter>헤더 파일</Filter>
    </ClInclude>
    <ClInclude Include="Script\AI\AI_SwordManController.h">
      <Filter>헤더 파일</Filter>
    </ClInclude>
    <ClInclude Include="Script\Object\Charactor\SwordMan\FSM\SwordManGuard.h">
      <Filter>헤더 파일</Filter>
    </ClInclude>
    <ClInclude Include="Script\Object\Charactor\SwordMan\FSM\SwordManIdle.h">
      <Filter>헤더 파일</Filter>
    </ClInclude>
  </ItemGroup>
</Project>